
Microsoft Visual Studio Solution File, Format Version 12.00
# Visual Studio Version 17
VisualStudioVersion = 17.1.32421.90
MinimumVisualStudioVersion = 10.0.40219.1
Project("{00D1A9C2-B5F0-4AF3-8072-F6C62B433612}") = "LocationDb", "LocationDb\LocationDb.sqlproj", "{4EEA2EB1-28EB-47C2-BD34-47572BABE246}"
EndProject
Project("{2150E333-8FDC-42A3-9474-1A3956D46DE8}") = "Data", "Data", "{A12C433F-65F4-45CB-A40C-2C76219E912C}"
EndProject
Project("{2150E333-8FDC-42A3-9474-1A3956D46DE8}") = "Infrastructure", "Infrastructure", "{F7D56C17-1AE8-45EF-A343-177F5F2423D6}"
EndProject
Project("{2150E333-8FDC-42A3-9474-1A3956D46DE8}") = "Presentation", "Presentation", "{E42E81CF-EF9B-45D9-945E-A301781955A6}"
EndProject
Global
	GlobalSection(SolutionConfigurationPlatforms) = preSolution
		Debug|Any CPU = Debug|Any CPU
		Release|Any CPU = Release|Any CPU
	EndGlobalSection
	GlobalSection(ProjectConfigurationPlatforms) = postSolution
		{4EEA2EB1-28EB-47C2-BD34-47572BABE246}.Debug|Any CPU.ActiveCfg = Debug|Any CPU
		{4EEA2EB1-28EB-47C2-BD34-47572BABE246}.Debug|Any CPU.Build.0 = Debug|Any CPU
		{4EEA2EB1-28EB-47C2-BD34-47572BABE246}.Debug|Any CPU.Deploy.0 = Debug|Any CPU
		{4EEA2EB1-28EB-47C2-BD34-47572BABE246}.Release|Any CPU.ActiveCfg = Release|Any CPU
		{4EEA2EB1-28EB-47C2-BD34-47572BABE246}.Release|Any CPU.Build.0 = Release|Any CPU
		{4EEA2EB1-28EB-47C2-BD34-47572BABE246}.Release|Any CPU.Deploy.0 = Release|Any CPU
	EndGlobalSection
	GlobalSection(SolutionProperties) = preSolution
		HideSolutionNode = FALSE
	EndGlobalSection
	GlobalSection(NestedProjects) = preSolution
		{4EEA2EB1-28EB-47C2-BD34-47572BABE246} = {A12C433F-65F4-45CB-A40C-2C76219E912C}
	EndGlobalSection
	GlobalSection(ExtensibilityGlobals) = postSolution
		SolutionGuid = {28B86C70-EEC8-4E45-BC41-2424AF7CF399}
	EndGlobalSection
EndGlobal
