
Microsoft Visual Studio Solution File, Format Version 12.00
# Visual Studio Version 17
VisualStudioVersion = 17.1.32421.90
MinimumVisualStudioVersion = 10.0.40219.1
Project("{00D1A9C2-B5F0-4AF3-8072-F6C62B433612}") = "LocationDb", "LocationDb\LocationDb.sqlproj", "{4EEA2EB1-28EB-47C2-BD34-47572BABE246}"
EndProject
Project("{2150E333-8FDC-42A3-9474-1A3956D46DE8}") = "Data", "Data", "{A12C433F-65F4-45CB-A40C-2C76219E912C}"
EndProject
Project("{2150E333-8FDC-42A3-9474-1A3956D46DE8}") = "Infrastructure", "Infrastructure", "{F7D56C17-1AE8-45EF-A343-177F5F2423D6}"
EndProject
Project("{2150E333-8FDC-42A3-9474-1A3956D46DE8}") = "Presentation", "Presentation", "{E42E81CF-EF9B-45D9-945E-A301781955A6}"
EndProject
Project("{9A19103F-16F7-4668-BE54-9A1E7A4F7556}") = "Infra", "Infra\Infra.csproj", "{6F7749D6-92F4-49AA-BEB9-BFF29441F0EE}"
EndProject
Project("{FAE04EC0-301F-11D3-BF4B-00C04F79EFBC}") = "Api", "Api\Api.csproj", "{355E8AF0-E2B4-4DC7-B61F-01B49D1B8305}"
EndProject
Project("{54A90642-561A-4BB1-A94E-469ADEE60C69}") = "ClientSide", "ClientSide\ClientSide.esproj", "{5F835331-51FD-4895-9438-D111D780C9DD}"
EndProject
Global
	GlobalSection(SolutionConfigurationPlatforms) = preSolution
		Debug|Any CPU = Debug|Any CPU
		Release|Any CPU = Release|Any CPU
	EndGlobalSection
	GlobalSection(ProjectConfigurationPlatforms) = postSolution
		{4EEA2EB1-28EB-47C2-BD34-47572BABE246}.Debug|Any CPU.ActiveCfg = Debug|Any CPU
		{4EEA2EB1-28EB-47C2-BD34-47572BABE246}.Debug|Any CPU.Build.0 = Debug|Any CPU
		{4EEA2EB1-28EB-47C2-BD34-47572BABE246}.Debug|Any CPU.Deploy.0 = Debug|Any CPU
		{4EEA2EB1-28EB-47C2-BD34-47572BABE246}.Release|Any CPU.ActiveCfg = Release|Any CPU
		{4EEA2EB1-28EB-47C2-BD34-47572BABE246}.Release|Any CPU.Build.0 = Release|Any CPU
		{4EEA2EB1-28EB-47C2-BD34-47572BABE246}.Release|Any CPU.Deploy.0 = Release|Any CPU
		{6F7749D6-92F4-49AA-BEB9-BFF29441F0EE}.Debug|Any CPU.ActiveCfg = Debug|Any CPU
		{6F7749D6-92F4-49AA-BEB9-BFF29441F0EE}.Debug|Any CPU.Build.0 = Debug|Any CPU
		{6F7749D6-92F4-49AA-BEB9-BFF29441F0EE}.Release|Any CPU.ActiveCfg = Release|Any CPU
		{6F7749D6-92F4-49AA-BEB9-BFF29441F0EE}.Release|Any CPU.Build.0 = Release|Any CPU
		{355E8AF0-E2B4-4DC7-B61F-01B49D1B8305}.Debug|Any CPU.ActiveCfg = Debug|Any CPU
		{355E8AF0-E2B4-4DC7-B61F-01B49D1B8305}.Debug|Any CPU.Build.0 = Debug|Any CPU
		{355E8AF0-E2B4-4DC7-B61F-01B49D1B8305}.Release|Any CPU.ActiveCfg = Release|Any CPU
		{355E8AF0-E2B4-4DC7-B61F-01B49D1B8305}.Release|Any CPU.Build.0 = Release|Any CPU
		{5F835331-51FD-4895-9438-D111D780C9DD}.Debug|Any CPU.ActiveCfg = Debug|Any CPU
		{5F835331-51FD-4895-9438-D111D780C9DD}.Debug|Any CPU.Build.0 = Debug|Any CPU
		{5F835331-51FD-4895-9438-D111D780C9DD}.Debug|Any CPU.Deploy.0 = Debug|Any CPU
		{5F835331-51FD-4895-9438-D111D780C9DD}.Release|Any CPU.ActiveCfg = Release|Any CPU
		{5F835331-51FD-4895-9438-D111D780C9DD}.Release|Any CPU.Build.0 = Release|Any CPU
		{5F835331-51FD-4895-9438-D111D780C9DD}.Release|Any CPU.Deploy.0 = Release|Any CPU
	EndGlobalSection
	GlobalSection(SolutionProperties) = preSolution
		HideSolutionNode = FALSE
	EndGlobalSection
	GlobalSection(NestedProjects) = preSolution
		{4EEA2EB1-28EB-47C2-BD34-47572BABE246} = {A12C433F-65F4-45CB-A40C-2C76219E912C}
		{6F7749D6-92F4-49AA-BEB9-BFF29441F0EE} = {F7D56C17-1AE8-45EF-A343-177F5F2423D6}
		{355E8AF0-E2B4-4DC7-B61F-01B49D1B8305} = {E42E81CF-EF9B-45D9-945E-A301781955A6}
		{5F835331-51FD-4895-9438-D111D780C9DD} = {E42E81CF-EF9B-45D9-945E-A301781955A6}
	EndGlobalSection
	GlobalSection(ExtensibilityGlobals) = postSolution
		SolutionGuid = {28B86C70-EEC8-4E45-BC41-2424AF7CF399}
	EndGlobalSection
EndGlobal
